
Microsoft Visual Studio Solution File, Format Version 12.00
# Visual Studio Version 17
VisualStudioVersion = 17.0.32014.148
MinimumVisualStudioVersion = 10.0.40219.1
Project("{FAE04EC0-301F-11D3-BF4B-00C04F79EFBC}") = "ConnectingToDB_Lab3", "ConnectingToDB_Lab3\ConnectingToDB_Lab3.csproj", "{CFEC4625-3B01-4060-ABCD-821F48B0BD66}"
EndProject
Global
	GlobalSection(SolutionConfigurationPlatforms) = preSolution
		Debug|Any CPU = Debug|Any CPU
		Release|Any CPU = Release|Any CPU
	EndGlobalSection
	GlobalSection(ProjectConfigurationPlatforms) = postSolution
		{CFEC4625-3B01-4060-ABCD-821F48B0BD66}.Debug|Any CPU.ActiveCfg = Debug|Any CPU
		{CFEC4625-3B01-4060-ABCD-821F48B0BD66}.Debug|Any CPU.Build.0 = Debug|Any CPU
		{CFEC4625-3B01-4060-ABCD-821F48B0BD66}.Release|Any CPU.ActiveCfg = Release|Any CPU
		{CFEC4625-3B01-4060-ABCD-821F48B0BD66}.Release|Any CPU.Build.0 = Release|Any CPU
	EndGlobalSection
	GlobalSection(SolutionProperties) = preSolution
		HideSolutionNode = FALSE
	EndGlobalSection
	GlobalSection(ExtensibilityGlobals) = postSolution
		SolutionGuid = {469FEB66-2007-44A7-9721-FDA6D1D5AB80}
	EndGlobalSection
EndGlobal
